Microsoft Visual Studio Solution File, Format Version 12.00
# Visual Studio 2012
Project("{FAE04EC0-301F-11D3-BF4B-00C04F79EFBC}") = "one-die", "one-die.csproj", "{025E64C5-873E-4933-85BC-3220B6AFB833}"
EndProject
Global
	GlobalSection(SolutionConfigurationPlatforms) = preSolution
	Debug|Any CPU = Debug|Any CPU
	ExportDebug|Any CPU = ExportDebug|Any CPU
	ExportRelease|Any CPU = ExportRelease|Any CPU
	EndGlobalSection
	GlobalSection(ProjectConfigurationPlatforms) = postSolution
		{025E64C5-873E-4933-85BC-3220B6AFB833}.Debug|Any CPU.ActiveCfg = Debug|Any CPU
		{025E64C5-873E-4933-85BC-3220B6AFB833}.Debug|Any CPU.Build.0 = Debug|Any CPU
		{025E64C5-873E-4933-85BC-3220B6AFB833}.ExportDebug|Any CPU.ActiveCfg = ExportDebug|Any CPU
		{025E64C5-873E-4933-85BC-3220B6AFB833}.ExportDebug|Any CPU.Build.0 = ExportDebug|Any CPU
		{025E64C5-873E-4933-85BC-3220B6AFB833}.ExportRelease|Any CPU.ActiveCfg = ExportRelease|Any CPU
		{025E64C5-873E-4933-85BC-3220B6AFB833}.ExportRelease|Any CPU.Build.0 = ExportRelease|Any CPU
	EndGlobalSection
EndGlobal
